dependencies:
- name: keycloak
  repository: file://charts/keycloak
  version: 0.1.0
- name: postgres-catalogue
  repository: file://charts/postgres-catalogue
  version: 0.1.0
- name: mongo-feedback
  repository: file://charts/mongo-feedback
  version: 0.1.0
- name: config-server
  repository: file://charts/config-server
  version: 0.1.0
- name: eureka-server
  repository: file://charts/eureka-server
  version: 0.1.0
- name: admin-server
  repository: file://charts/admin-server
  version: 0.1.0
- name: catalogue-service
  repository: file://charts/catalogue-service
  version: 0.1.0
- name: feedback-service
  repository: file://charts/feedback-service
  version: 0.1.0
digest: sha256:50ba3bdebc2f2d3e724fe7b3c053059e83d142536dd888b752a7262f88189be7
generated: "2026-01-22T03:36:48.439866595+01:00"
