dependencies:
- name: keycloak
  repository: file://charts/keycloak
  version: 0.1.0
- name: postgres-catalogue
  repository: file://charts/postgres-catalogue
  version: 0.1.0
- name: mongo-feedback
  repository: file://charts/mongo-feedback
  version: 0.1.0
- name: config-server
  repository: file://charts/config-server
  version: 0.1.0
- name: eureka-server
  repository: file://charts/eureka-server
  version: 0.1.0
- name: admin-server
  repository: file://charts/admin-server
  version: 0.1.0
- name: catalogue-service
  repository: file://charts/catalogue-service
  version: 0.1.0
- name: feedback-service
  repository: file://charts/feedback-service
  version: 0.1.0
- name: customer-app
  repository: file://charts/customer-app
  version: 0.1.0
- name: manager-app
  repository: file://charts/manager-app
  version: 0.1.0
- name: api-gateway
  repository: file://charts/api-gateway
  version: 0.1.0
digest: sha256:41617171241c5f9181ae9b5e04002656b86748f19c128dd51834ca50c28d53f3
generated: "2026-01-23T15:59:24.893029154+01:00"
