dependencies:
- name: keycloak
  repository: file://subcharts/platform/keycloak
  version: 0.1.0
- name: postgres-catalogue
  repository: file://subcharts/data/postgres-catalogue
  version: 0.1.0
- name: mongo-feedback
  repository: file://subcharts/data/mongo-feedback
  version: 0.1.0
- name: config-server
  repository: file://subcharts/services/config-server
  version: 0.1.0
- name: eureka-server
  repository: file://subcharts/services/eureka-server
  version: 0.1.0
- name: admin-server
  repository: file://subcharts/services/admin-server
  version: 0.1.0
- name: catalogue-service
  repository: file://subcharts/services/catalogue-service
  version: 0.1.0
- name: feedback-service
  repository: file://subcharts/services/feedback-service
  version: 0.1.0
- name: customer-app
  repository: file://subcharts/services/customer-app
  version: 0.1.0
- name: manager-app
  repository: file://subcharts/services/manager-app
  version: 0.1.0
- name: api-gateway
  repository: file://subcharts/services/api-gateway
  version: 0.1.0
- name: victoria-metrics
  repository: file://subcharts/observability/victoria-metrics
  version: 0.1.0
- name: grafana
  repository: file://subcharts/observability/grafana
  version: 0.1.0
- name: tempo
  repository: file://subcharts/observability/tempo
  version: 0.1.0
- name: loki
  repository: file://subcharts/observability/loki
  version: 0.1.0
- name: promtail
  repository: file://subcharts/observability/promtail
  version: 0.1.0
digest: sha256:21f068edb266111325fa935e9d1151045d48888c3d5f971310f803d0eec5fc86
generated: "2026-01-25T20:11:26.9397537+01:00"
